
Microsoft Visual Studio Solution File, Format Version 12.00
# Visual Studio Version 16
VisualStudioVersion = 16.0.34031.81
MinimumVisualStudioVersion = 10.0.40219.1
Project("{FAE04EC0-301F-11D3-BF4B-00C04F79EFBC}") = "cSharpArmstrongOfNumber1", "cSharpArmstrongOfNumber1\cSharpArmstrongOfNumber1.csproj", "{0028E59A-9003-4510-9F1E-F12197B89F5D}"
EndProject
Global
	GlobalSection(SolutionConfigurationPlatforms) = preSolution
		Debug|Any CPU = Debug|Any CPU
		Release|Any CPU = Release|Any CPU
	EndGlobalSection
	GlobalSection(ProjectConfigurationPlatforms) = postSolution
		{0028E59A-9003-4510-9F1E-F12197B89F5D}.Debug|Any CPU.ActiveCfg = Debug|Any CPU
		{0028E59A-9003-4510-9F1E-F12197B89F5D}.Debug|Any CPU.Build.0 = Debug|Any CPU
		{0028E59A-9003-4510-9F1E-F12197B89F5D}.Release|Any CPU.ActiveCfg = Release|Any CPU
		{0028E59A-9003-4510-9F1E-F12197B89F5D}.Release|Any CPU.Build.0 = Release|Any CPU
	EndGlobalSection
	GlobalSection(SolutionProperties) = preSolution
		HideSolutionNode = FALSE
	EndGlobalSection
	GlobalSection(ExtensibilityGlobals) = postSolution
		SolutionGuid = {F9E8B8FF-7908-4697-8ABB-1FD11DF76566}
	EndGlobalSection
EndGlobal
